
Microsoft Visual Studio Solution File, Format Version 12.00
# Visual Studio Version 17
VisualStudioVersion = 17.0.31903.59
MinimumVisualStudioVersion = 10.0.40219.1
Project("{2150E333-8FDC-42A3-9474-1A3956D46DE8}") = "src", "src", "{827E0CD3-B72D-47B6-A68D-7590B98EB39B}"
EndProject
Project("{FAE04EC0-301F-11D3-BF4B-00C04F79EFBC}") = "PseudoSleep.Core", "src\PseudoSleep.Core\PseudoSleep.Core.csproj", "{D1DAAF71-E486-463B-9322-27618523F1B8}"
EndProject
Project("{FAE04EC0-301F-11D3-BF4B-00C04F79EFBC}") = "PseudoSleep", "src\PseudoSleep\PseudoSleep.csproj", "{9FD523D7-8663-4209-875E-8AB9EF1C1904}"
EndProject
Project("{2150E333-8FDC-42A3-9474-1A3956D46DE8}") = "tests", "tests", "{0AB3BF05-4346-4AA6-1389-037BE0695223}"
EndProject
Project("{FAE04EC0-301F-11D3-BF4B-00C04F79EFBC}") = "PseudoSleep.Tests", "tests\PseudoSleep.Tests\PseudoSleep.Tests.csproj", "{759A0414-79CA-40B3-A8C2-384CC7F915A2}"
EndProject
Global
	GlobalSection(SolutionConfigurationPlatforms) = preSolution
		Debug|Any CPU = Debug|Any CPU
		Debug|x64 = Debug|x64
		Debug|x86 = Debug|x86
		Release|Any CPU = Release|Any CPU
		Release|x64 = Release|x64
		Release|x86 = Release|x86
	EndGlobalSection
	GlobalSection(ProjectConfigurationPlatforms) = postSolution
		{D1DAAF71-E486-463B-9322-27618523F1B8}.Debug|Any CPU.ActiveCfg = Debug|Any CPU
		{D1DAAF71-E486-463B-9322-27618523F1B8}.Debug|Any CPU.Build.0 = Debug|Any CPU
		{D1DAAF71-E486-463B-9322-27618523F1B8}.Debug|x64.ActiveCfg = Debug|Any CPU
		{D1DAAF71-E486-463B-9322-27618523F1B8}.Debug|x64.Build.0 = Debug|Any CPU
		{D1DAAF71-E486-463B-9322-27618523F1B8}.Debug|x86.ActiveCfg = Debug|Any CPU
		{D1DAAF71-E486-463B-9322-27618523F1B8}.Debug|x86.Build.0 = Debug|Any CPU
		{D1DAAF71-E486-463B-9322-27618523F1B8}.Release|Any CPU.ActiveCfg = Release|Any CPU
		{D1DAAF71-E486-463B-9322-27618523F1B8}.Release|Any CPU.Build.0 = Release|Any CPU
		{D1DAAF71-E486-463B-9322-27618523F1B8}.Release|x64.ActiveCfg = Release|Any CPU
		{D1DAAF71-E486-463B-9322-27618523F1B8}.Release|x64.Build.0 = Release|Any CPU
		{D1DAAF71-E486-463B-9322-27618523F1B8}.Release|x86.ActiveCfg = Release|Any CPU
		{D1DAAF71-E486-463B-9322-27618523F1B8}.Release|x86.Build.0 = Release|Any CPU
		{9FD523D7-8663-4209-875E-8AB9EF1C1904}.Debug|Any CPU.ActiveCfg = Debug|Any CPU
		{9FD523D7-8663-4209-875E-8AB9EF1C1904}.Debug|Any CPU.Build.0 = Debug|Any CPU
		{9FD523D7-8663-4209-875E-8AB9EF1C1904}.Debug|x64.ActiveCfg = Debug|Any CPU
		{9FD523D7-8663-4209-875E-8AB9EF1C1904}.Debug|x64.Build.0 = Debug|Any CPU
		{9FD523D7-8663-4209-875E-8AB9EF1C1904}.Debug|x86.ActiveCfg = Debug|Any CPU
		{9FD523D7-8663-4209-875E-8AB9EF1C1904}.Debug|x86.Build.0 = Debug|Any CPU
		{9FD523D7-8663-4209-875E-8AB9EF1C1904}.Release|Any CPU.ActiveCfg = Release|Any CPU
		{9FD523D7-8663-4209-875E-8AB9EF1C1904}.Release|Any CPU.Build.0 = Release|Any CPU
		{9FD523D7-8663-4209-875E-8AB9EF1C1904}.Release|x64.ActiveCfg = Release|Any CPU
		{9FD523D7-8663-4209-875E-8AB9EF1C1904}.Release|x64.Build.0 = Release|Any CPU
		{9FD523D7-8663-4209-875E-8AB9EF1C1904}.Release|x86.ActiveCfg = Release|Any CPU
		{9FD523D7-8663-4209-875E-8AB9EF1C1904}.Release|x86.Build.0 = Release|Any CPU
		{759A0414-79CA-40B3-A8C2-384CC7F915A2}.Debug|Any CPU.ActiveCfg = Debug|Any CPU
		{759A0414-79CA-40B3-A8C2-384CC7F915A2}.Debug|Any CPU.Build.0 = Debug|Any CPU
		{759A0414-79CA-40B3-A8C2-384CC7F915A2}.Debug|x64.ActiveCfg = Debug|Any CPU
		{759A0414-79CA-40B3-A8C2-384CC7F915A2}.Debug|x64.Build.0 = Debug|Any CPU
		{759A0414-79CA-40B3-A8C2-384CC7F915A2}.Debug|x86.ActiveCfg = Debug|Any CPU
		{759A0414-79CA-40B3-A8C2-384CC7F915A2}.Debug|x86.Build.0 = Debug|Any CPU
		{759A0414-79CA-40B3-A8C2-384CC7F915A2}.Release|Any CPU.ActiveCfg = Release|Any CPU
		{759A0414-79CA-40B3-A8C2-384CC7F915A2}.Release|Any CPU.Build.0 = Release|Any CPU
		{759A0414-79CA-40B3-A8C2-384CC7F915A2}.Release|x64.ActiveCfg = Release|Any CPU
		{759A0414-79CA-40B3-A8C2-384CC7F915A2}.Release|x64.Build.0 = Release|Any CPU
		{759A0414-79CA-40B3-A8C2-384CC7F915A2}.Release|x86.ActiveCfg = Release|Any CPU
		{759A0414-79CA-40B3-A8C2-384CC7F915A2}.Release|x86.Build.0 = Release|Any CPU
	EndGlobalSection
	GlobalSection(SolutionProperties) = preSolution
		HideSolutionNode = FALSE
	EndGlobalSection
	GlobalSection(NestedProjects) = preSolution
		{D1DAAF71-E486-463B-9322-27618523F1B8} = {827E0CD3-B72D-47B6-A68D-7590B98EB39B}
		{9FD523D7-8663-4209-875E-8AB9EF1C1904} = {827E0CD3-B72D-47B6-A68D-7590B98EB39B}
		{759A0414-79CA-40B3-A8C2-384CC7F915A2} = {0AB3BF05-4346-4AA6-1389-037BE0695223}
	EndGlobalSection
EndGlobal
